
Microsoft Visual Studio Solution File, Format Version 12.00
# Visual Studio Version 17
VisualStudioVersion = 17.12.35514.174
MinimumVisualStudioVersion = 10.0.40219.1
Project("{2150E333-8FDC-42A3-9474-1A3956D46DE8}") = "Services", "Services", "{42DE68B8-BCD0-4148-9FDC-44859FE971CA}"
EndProject
Project("{2150E333-8FDC-42A3-9474-1A3956D46DE8}") = "Catalog", "Catalog", "{6D607A4D-7587-49B0-9970-A690B6FCBC24}"
EndProject
Project("{FAE04EC0-301F-11D3-BF4B-00C04F79EFBC}") = "CatalogAPI", "Services\Catalog\CatalogAPI\CatalogAPI.csproj", "{B668DE61-B461-49DF-ABCB-035B65207509}"
EndProject
Project("{2150E333-8FDC-42A3-9474-1A3956D46DE8}") = "BuildingBlocks", "BuildingBlocks", "{6F9EE930-FDE7-46FF-94B0-70DB6C02AD4C}"
EndProject
Project("{FAE04EC0-301F-11D3-BF4B-00C04F79EFBC}") = "BuildingBlocks", "BuildingBlocks\BuildingBlocks\BuildingBlocks.csproj", "{C6B59054-6B57-49CE-95AF-FA463F4D22DD}"
EndProject
Project("{E53339B2-1760-4266-BCC7-CA923CBCF16C}") = "docker-compose", "docker-compose.dcproj", "{55C7101E-C2B7-471B-A74B-25A3E45ED13E}"
EndProject
Global
	GlobalSection(SolutionConfigurationPlatforms) = preSolution
		Debug|Any CPU = Debug|Any CPU
		Release|Any CPU = Release|Any CPU
	EndGlobalSection
	GlobalSection(ProjectConfigurationPlatforms) = postSolution
		{B668DE61-B461-49DF-ABCB-035B65207509}.Debug|Any CPU.ActiveCfg = Debug|Any CPU
		{B668DE61-B461-49DF-ABCB-035B65207509}.Debug|Any CPU.Build.0 = Debug|Any CPU
		{B668DE61-B461-49DF-ABCB-035B65207509}.Release|Any CPU.ActiveCfg = Release|Any CPU
		{B668DE61-B461-49DF-ABCB-035B65207509}.Release|Any CPU.Build.0 = Release|Any CPU
		{C6B59054-6B57-49CE-95AF-FA463F4D22DD}.Debug|Any CPU.ActiveCfg = Debug|Any CPU
		{C6B59054-6B57-49CE-95AF-FA463F4D22DD}.Debug|Any CPU.Build.0 = Debug|Any CPU
		{C6B59054-6B57-49CE-95AF-FA463F4D22DD}.Release|Any CPU.ActiveCfg = Release|Any CPU
		{C6B59054-6B57-49CE-95AF-FA463F4D22DD}.Release|Any CPU.Build.0 = Release|Any CPU
		{55C7101E-C2B7-471B-A74B-25A3E45ED13E}.Debug|Any CPU.ActiveCfg = Debug|Any CPU
		{55C7101E-C2B7-471B-A74B-25A3E45ED13E}.Debug|Any CPU.Build.0 = Debug|Any CPU
		{55C7101E-C2B7-471B-A74B-25A3E45ED13E}.Release|Any CPU.ActiveCfg = Release|Any CPU
		{55C7101E-C2B7-471B-A74B-25A3E45ED13E}.Release|Any CPU.Build.0 = Release|Any CPU
	EndGlobalSection
	GlobalSection(SolutionProperties) = preSolution
		HideSolutionNode = FALSE
	EndGlobalSection
	GlobalSection(NestedProjects) = preSolution
		{6D607A4D-7587-49B0-9970-A690B6FCBC24} = {42DE68B8-BCD0-4148-9FDC-44859FE971CA}
		{B668DE61-B461-49DF-ABCB-035B65207509} = {6D607A4D-7587-49B0-9970-A690B6FCBC24}
		{C6B59054-6B57-49CE-95AF-FA463F4D22DD} = {6F9EE930-FDE7-46FF-94B0-70DB6C02AD4C}
	EndGlobalSection
EndGlobal
